
Microsoft Visual Studio Solution File, Format Version 12.00
# Visual Studio Version 17
VisualStudioVersion = 17.7.34018.315
MinimumVisualStudioVersion = 10.0.40219.1
Project("{9A19103F-16F7-4668-BE54-9A1E7A4F7556}") = "1. Simple_Factory", "1. Simple_Factory\1. Simple_Factory.csproj", "{331E006E-6E3F-42F1-9A98-BC965C9F68E9}"
EndProject
Project("{FAE04EC0-301F-11D3-BF4B-00C04F79EFBC}") = "2. Factory_Method", "2. Factory_Method\2. Factory_Method.csproj", "{03D28DB8-0BAF-44BF-AF19-4AD964911383}"
EndProject
Global
	GlobalSection(SolutionConfigurationPlatforms) = preSolution
		Debug|Any CPU = Debug|Any CPU
		Release|Any CPU = Release|Any CPU
	EndGlobalSection
	GlobalSection(ProjectConfigurationPlatforms) = postSolution
		{331E006E-6E3F-42F1-9A98-BC965C9F68E9}.Debug|Any CPU.ActiveCfg = Debug|Any CPU
		{331E006E-6E3F-42F1-9A98-BC965C9F68E9}.Debug|Any CPU.Build.0 = Debug|Any CPU
		{331E006E-6E3F-42F1-9A98-BC965C9F68E9}.Release|Any CPU.ActiveCfg = Release|Any CPU
		{331E006E-6E3F-42F1-9A98-BC965C9F68E9}.Release|Any CPU.Build.0 = Release|Any CPU
		{03D28DB8-0BAF-44BF-AF19-4AD964911383}.Debug|Any CPU.ActiveCfg = Debug|Any CPU
		{03D28DB8-0BAF-44BF-AF19-4AD964911383}.Debug|Any CPU.Build.0 = Debug|Any CPU
		{03D28DB8-0BAF-44BF-AF19-4AD964911383}.Release|Any CPU.ActiveCfg = Release|Any CPU
		{03D28DB8-0BAF-44BF-AF19-4AD964911383}.Release|Any CPU.Build.0 = Release|Any CPU
	EndGlobalSection
	GlobalSection(SolutionProperties) = preSolution
		HideSolutionNode = FALSE
	EndGlobalSection
	GlobalSection(ExtensibilityGlobals) = postSolution
		SolutionGuid = {2ED9F9FF-739C-4202-AC42-D99A7B9A8507}
	EndGlobalSection
EndGlobal
